{
  "name": "node-pizza-delivery-api",
  "version": "1.0.0",
  "lockfileVersion": 2,
  "requires": true,
  "packages": {
    "": {
      "name": "node-pizza-delivery-api",
      "version": "1.0.0",
      "license": "ISC",
      "dependencies": {
        "node-fetch": "^2.6.1",
        "postmark": "^2.6.1",
        "stripe": "^8.129.0",
        "unsplash-js": "^7.0.2"
      },
      "devDependencies": {
        "dotenv": "^8.2.0"
      },
      "engines": {
        "node": "14.x"
      }
    },
    "node_modules/@types/content-type": {
      "version": "1.1.3",
      "resolved": "https://registry.npmjs.org/@types/content-type/-/content-type-1.1.3.tgz",
      "integrity": "sha512-pv8VcFrZ3fN93L4rTNIbbUzdkzjEyVMp5mPVjsFfOYTDOZMZiZ8P1dhu+kEv3faYyKzZgLlSvnyQNFg+p/v5ug=="
    },
    "node_modules/@types/node": {
      "version": "14.14.20",
      "resolved": "https://registry.npmjs.org/@types/node/-/node-14.14.20.tgz",
      "integrity": "sha512-Y93R97Ouif9JEOWPIUyU+eyIdyRqQR0I8Ez1dzku4hDx34NWh4HbtIc3WNzwB1Y9ULvNGeu5B8h8bVL5cAk4/A=="
    },
    "node_modules/axios": {
      "version": "0.21.1",
      "resolved": "https://registry.npmjs.org/axios/-/axios-0.21.1.tgz",
      "integrity": "sha512-dKQiRHxGD9PPRIUNIWvZhPTPpl1rf/OxTYKsqKUDjBwYylTvV7SjSHJb9ratfyzM6wCdLCOYLzs73qpg5c4iGA==",
      "dependencies": {
        "follow-redirects": "^1.10.0"
      }
    },
    "node_modules/content-type": {
      "version": "1.0.4",
      "resolved": "https://registry.npmjs.org/content-type/-/content-type-1.0.4.tgz",
      "integrity": "sha512-hIP3EEPs8tB9AT1L+NUqtwOAps4mk2Zob89MWXMHjHWg9milF/j4osnnQLXBCBFBk/tvIG/tUc9mOUJiPBhPXA==",
      "engines": {
        "node": ">= 0.6"
      }
    },
    "node_modules/dotenv": {
      "version": "8.2.0",
      "resolved": "https://registry.npmjs.org/dotenv/-/dotenv-8.2.0.tgz",
      "integrity": "sha512-8sJ78ElpbDJBHNeBzUbUVLsqKdccaa/BXF1uPTw3GrvQTBgrQrtObr2mUrE38vzYd8cEv+m/JBfDLioYcfXoaw==",
      "dev": true,
      "engines": {
        "node": ">=8"
      }
    },
    "node_modules/follow-redirects": {
      "version": "1.13.1",
      "resolved": "https://registry.npmjs.org/follow-redirects/-/follow-redirects-1.13.1.tgz",
      "integrity": "sha512-SSG5xmZh1mkPGyKzjZP8zLjltIfpW32Y5QpdNJyjcfGxK3qo3NDDkZOZSFiGn1A6SclQxY9GzEwAHQ3dmYRWpg==",
      "funding": [
        {
          "type": "individual",
          "url": "https://github.com/sponsors/RubenVerborgh"
        }
      ],
      "engines": {
        "node": ">=4.0"
      },
      "peerDependenciesMeta": {
        "debug": {
          "optional": true
        }
      }
    },
    "node_modules/node-fetch": {
      "version": "2.6.1",
      "resolved": "https://registry.npmjs.org/node-fetch/-/node-fetch-2.6.1.tgz",
      "integrity": "sha512-V4aYg89jEoVRxRb2fJdAg8FHvI7cEyYdVAh94HH0UIK8oJxUfkjlDQN9RbMx+bEjP7+ggMiFRprSti032Oipxw==",
      "engines": {
        "node": "4.x || >=6.0.0"
      }
    },
    "node_modules/postmark": {
      "version": "2.7.0",
      "resolved": "https://registry.npmjs.org/postmark/-/postmark-2.7.0.tgz",
      "integrity": "sha512-HrRW6x/4XBkWRB6hpI8B6efGG2LlzzC4cCUnhjsb/SfRNzmM+pv0zQd1Om4qA8E9ZEhFZmAsRQdxUIwm89svIg==",
      "dependencies": {
        "axios": "^0.21.1"
      }
    },
    "node_modules/qs": {
      "version": "6.9.4",
      "resolved": "https://registry.npmjs.org/qs/-/qs-6.9.4.tgz",
      "integrity": "sha512-A1kFqHekCTM7cz0udomYUoYNWjBebHm/5wzU/XqrBRBNWectVH0QIiN+NEcZ0Dte5hvzHwbr8+XQmguPhJ6WdQ==",
      "engines": {
        "node": ">=0.6"
      },
      "funding": {
        "url": "https://github.com/sponsors/ljharb"
      }
    },
    "node_modules/stripe": {
      "version": "8.129.0",
      "resolved": "https://registry.npmjs.org/stripe/-/stripe-8.129.0.tgz",
      "integrity": "sha512-73b49GQg2+ig6Cet11QhN1WgBab+2xtHy57W4ZLRd9dq146vz+vik+kMQ7UAcTSF5vYyTM5Zo6POMZDPXqzWUg==",
      "dependencies": {
        "@types/node": ">=8.1.0",
        "qs": "^6.6.0"
      },
      "engines": {
        "node": "^8.1 || >=10.*"
      }
    },
    "node_modules/unsplash-js": {
      "version": "7.0.2",
      "resolved": "https://registry.npmjs.org/unsplash-js/-/unsplash-js-7.0.2.tgz",
      "integrity": "sha512-VS9NtduMrz9Ih7Ec9lXj0PHVVTlhBTFdMWm2M5eLtjgtEzfLxLZGbbc52LkwYYFOtT9igHnMAt/O8hVvp6mFlw==",
      "dependencies": {
        "@types/content-type": "^1.1.3",
        "content-type": "^1.0.4"
      },
      "engines": {
        "node": ">=10"
      }
    }
  },
  "dependencies": {
    "@types/content-type": {
      "version": "1.1.3",
      "resolved": "https://registry.npmjs.org/@types/content-type/-/content-type-1.1.3.tgz",
      "integrity": "sha512-pv8VcFrZ3fN93L4rTNIbbUzdkzjEyVMp5mPVjsFfOYTDOZMZiZ8P1dhu+kEv3faYyKzZgLlSvnyQNFg+p/v5ug=="
    },
    "@types/node": {
      "version": "14.14.20",
      "resolved": "https://registry.npmjs.org/@types/node/-/node-14.14.20.tgz",
      "integrity": "sha512-Y93R97Ouif9JEOWPIUyU+eyIdyRqQR0I8Ez1dzku4hDx34NWh4HbtIc3WNzwB1Y9ULvNGeu5B8h8bVL5cAk4/A=="
    },
    "axios": {
      "version": "0.21.1",
      "resolved": "https://registry.npmjs.org/axios/-/axios-0.21.1.tgz",
      "integrity": "sha512-dKQiRHxGD9PPRIUNIWvZhPTPpl1rf/OxTYKsqKUDjBwYylTvV7SjSHJb9ratfyzM6wCdLCOYLzs73qpg5c4iGA==",
      "requires": {
        "follow-redirects": "^1.10.0"
      }
    },
    "content-type": {
      "version": "1.0.4",
      "resolved": "https://registry.npmjs.org/content-type/-/content-type-1.0.4.tgz",
      "integrity": "sha512-hIP3EEPs8tB9AT1L+NUqtwOAps4mk2Zob89MWXMHjHWg9milF/j4osnnQLXBCBFBk/tvIG/tUc9mOUJiPBhPXA=="
    },
    "dotenv": {
      "version": "8.2.0",
      "resolved": "https://registry.npmjs.org/dotenv/-/dotenv-8.2.0.tgz",
      "integrity": "sha512-8sJ78ElpbDJBHNeBzUbUVLsqKdccaa/BXF1uPTw3GrvQTBgrQrtObr2mUrE38vzYd8cEv+m/JBfDLioYcfXoaw==",
      "dev": true
    },
    "follow-redirects": {
      "version": "1.13.1",
      "resolved": "https://registry.npmjs.org/follow-redirects/-/follow-redirects-1.13.1.tgz",
      "integrity": "sha512-SSG5xmZh1mkPGyKzjZP8zLjltIfpW32Y5QpdNJyjcfGxK3qo3NDDkZOZSFiGn1A6SclQxY9GzEwAHQ3dmYRWpg=="
    },
    "node-fetch": {
      "version": "2.6.1",
      "resolved": "https://registry.npmjs.org/node-fetch/-/node-fetch-2.6.1.tgz",
      "integrity": "sha512-V4aYg89jEoVRxRb2fJdAg8FHvI7cEyYdVAh94HH0UIK8oJxUfkjlDQN9RbMx+bEjP7+ggMiFRprSti032Oipxw=="
    },
    "postmark": {
      "version": "2.7.0",
      "resolved": "https://registry.npmjs.org/postmark/-/postmark-2.7.0.tgz",
      "integrity": "sha512-HrRW6x/4XBkWRB6hpI8B6efGG2LlzzC4cCUnhjsb/SfRNzmM+pv0zQd1Om4qA8E9ZEhFZmAsRQdxUIwm89svIg==",
      "requires": {
        "axios": "^0.21.1"
      }
    },
    "qs": {
      "version": "6.9.4",
      "resolved": "https://registry.npmjs.org/qs/-/qs-6.9.4.tgz",
      "integrity": "sha512-A1kFqHekCTM7cz0udomYUoYNWjBebHm/5wzU/XqrBRBNWectVH0QIiN+NEcZ0Dte5hvzHwbr8+XQmguPhJ6WdQ=="
    },
    "stripe": {
      "version": "8.129.0",
      "resolved": "https://registry.npmjs.org/stripe/-/stripe-8.129.0.tgz",
      "integrity": "sha512-73b49GQg2+ig6Cet11QhN1WgBab+2xtHy57W4ZLRd9dq146vz+vik+kMQ7UAcTSF5vYyTM5Zo6POMZDPXqzWUg==",
      "requires": {
        "@types/node": ">=8.1.0",
        "qs": "^6.6.0"
      }
    },
    "unsplash-js": {
      "version": "7.0.2",
      "resolved": "https://registry.npmjs.org/unsplash-js/-/unsplash-js-7.0.2.tgz",
      "integrity": "sha512-VS9NtduMrz9Ih7Ec9lXj0PHVVTlhBTFdMWm2M5eLtjgtEzfLxLZGbbc52LkwYYFOtT9igHnMAt/O8hVvp6mFlw==",
      "requires": {
        "@types/content-type": "^1.1.3",
        "content-type": "^1.0.4"
      }
    }
  }
}
